
Microsoft Visual Studio Solution File, Format Version 12.00
# Visual Studio Version 17
VisualStudioVersion = 17.10.35027.167
MinimumVisualStudioVersion = 10.0.40219.1
Project("{9A19103F-16F7-4668-BE54-9A1E7A4F7556}") = "MedicalConsultation.Api", "Presenter\MedicalConsultation.Api\MedicalConsultation.Api.csproj", "{06F10286-49F4-4653-8203-E19FCD02E9C3}"
EndProject
Project("{2150E333-8FDC-42A3-9474-1A3956D46DE8}") = "Domain", "Domain", "{952F3DC1-BA30-460F-BD91-FEAD3D5CEBE3}"
EndProject
Project("{9A19103F-16F7-4668-BE54-9A1E7A4F7556}") = "MedicalConsultation.Entity", "Domain\MedicalConsultation.Entity\MedicalConsultation.Entity.csproj", "{57947E1D-C520-4D93-908A-562BD9D738A6}"
EndProject
Project("{2150E333-8FDC-42A3-9474-1A3956D46DE8}") = "Application", "Application", "{C98801B1-F58E-4B9C-8D56-D0B965E4D315}"
EndProject
Project("{9A19103F-16F7-4668-BE54-9A1E7A4F7556}") = "MedicalConsultation.Controller", "Application\MedicalConsultation.Controller\MedicalConsultation.Controller.csproj", "{58ECBDD6-0B22-4186-99AE-855E6E42AB55}"
EndProject
Project("{9A19103F-16F7-4668-BE54-9A1E7A4F7556}") = "MedicalConsultation.Interfaces", "Application\MedicalConsultation.Interfaces\MedicalConsultation.Interfaces.csproj", "{9E3D02CD-5E8C-4769-9EA3-389E43484581}"
EndProject
Project("{2150E333-8FDC-42A3-9474-1A3956D46DE8}") = "Infrastructure", "Infrastructure", "{ED2CEA11-A925-4553-874D-403FCCC66118}"
EndProject
Project("{2150E333-8FDC-42A3-9474-1A3956D46DE8}") = "Gateway", "Gateway", "{6190EC0A-387E-4E2A-AC4B-CEEBB14C57D5}"
EndProject
Project("{9A19103F-16F7-4668-BE54-9A1E7A4F7556}") = "MedicalConsultation.Gateways", "Gateway\MedicalConsultation.Gateways\MedicalConsultation.Gateways.csproj", "{3FD188A2-E9F7-4616-8958-681D5855D0EA}"
EndProject
Project("{9A19103F-16F7-4668-BE54-9A1E7A4F7556}") = "MedicalConsultation.Repository", "Infrastructure\MedicalConsultation.Repository\MedicalConsultation.Repository.csproj", "{9E12FA36-7DC9-4BB7-9416-8D193A894FC1}"
EndProject
Project("{9A19103F-16F7-4668-BE54-9A1E7A4F7556}") = "MedicalConsultation.WebApp", "Presenter\MedicalConsultation.WebApp\MedicalConsultation.WebApp\MedicalConsultation.WebApp.csproj", "{A04B8E28-CD2F-42ED-AD02-B0F348FB0917}"
EndProject
Project("{9A19103F-16F7-4668-BE54-9A1E7A4F7556}") = "MedicalConsultation.WebApp.Client", "Presenter\MedicalConsultation.WebApp\MedicalConsultation.WebApp.Client\MedicalConsultation.WebApp.Client.csproj", "{A66F4223-B439-423E-9900-75221C2D1B0E}"
EndProject
Project("{9A19103F-16F7-4668-BE54-9A1E7A4F7556}") = "MedicalConsultation.Shared", "Presenter\MedicalConsultation.Shared\MedicalConsultation.Shared.csproj", "{3AEF492B-8CF6-4AE9-A44C-F31CEE83C660}"
EndProject
Project("{2150E333-8FDC-42A3-9474-1A3956D46DE8}") = "UseCase", "UseCase", "{84038ED7-C8B4-4F47-B76D-A956900E2ECA}"
EndProject
Project("{9A19103F-16F7-4668-BE54-9A1E7A4F7556}") = "MedicalConsultation.UseCases", "Usecase\MedicalConsultation.UseCases\MedicalConsultation.UseCases.csproj", "{27F65FB7-4A2E-4CBF-80D0-0A26314A2DC4}"
EndProject
Project("{9A19103F-16F7-4668-BE54-9A1E7A4F7556}") = "MedicalConsultation.Validations", "Application\MedicalConsultation.Validations\MedicalConsultation.Validations.csproj", "{40C489F3-173C-440A-A29C-3D938C0188BC}"
EndProject
Project("{9A19103F-16F7-4668-BE54-9A1E7A4F7556}") = "MedicalConsultation.Messages", "Application\MedicalConsultation.Messages\MedicalConsultation.Messages.csproj", "{A0BEBDC0-172F-468F-9024-387A22D89FA6}"
EndProject
Project("{9A19103F-16F7-4668-BE54-9A1E7A4F7556}") = "MedicalConsultation.MassTransit", "Infrastructure\MedicalConsultation.MassTransit\MedicalConsultation.MassTransit.csproj", "{A18A6A2A-3CED-42BE-A5F9-B53CCBCA9B22}"
EndProject
Project("{2150E333-8FDC-42A3-9474-1A3956D46DE8}") = "Presenter", "Presenter", "{E01F59D7-CCE5-4CCC-95AC-9958D8116370}"
EndProject
Project("{9A19103F-16F7-4668-BE54-9A1E7A4F7556}") = "MedicalConsultation.Mail", "MedicalConsultation.Mail\MedicalConsultation.Mail.csproj", "{DA491004-44DE-4A7C-B892-92C2EE353310}"
EndProject
Project("{9A19103F-16F7-4668-BE54-9A1E7A4F7556}") = "MedicalConsultation.Consumer", "MedicalConsultation.Consumer\MedicalConsultation.Consumer.csproj", "{5A18095B-FE02-482E-B74B-0DDE41EC0709}"
EndProject
Project("{2150E333-8FDC-42A3-9474-1A3956D46DE8}") = "Tests", "Tests", "{9D26160F-180B-4EE0-A8BC-0B8F9CDFDED2}"
EndProject
Project("{9A19103F-16F7-4668-BE54-9A1E7A4F7556}") = "MedicalConsultation.Tests", "Tests\MedicalConsultation.Tests\MedicalConsultation.Tests.csproj", "{876BBF8C-5250-4258-AEBB-89B29F84BCF4}"
EndProject
Project("{FAE04EC0-301F-11D3-BF4B-00C04F79EFBC}") = "MedicalConsultationNotification.Api", "Presenter\MedicalConsultationNotification.Api\MedicalConsultationNotification.Api.csproj", "{5BFC8955-62D2-47A4-8CB8-306440EFFD21}"
EndProject
Global
	GlobalSection(SolutionConfigurationPlatforms) = preSolution
		Debug|Any CPU = Debug|Any CPU
		Release|Any CPU = Release|Any CPU
	EndGlobalSection
	GlobalSection(ProjectConfigurationPlatforms) = postSolution
		{06F10286-49F4-4653-8203-E19FCD02E9C3}.Debug|Any CPU.ActiveCfg = Debug|Any CPU
		{06F10286-49F4-4653-8203-E19FCD02E9C3}.Debug|Any CPU.Build.0 = Debug|Any CPU
		{06F10286-49F4-4653-8203-E19FCD02E9C3}.Release|Any CPU.ActiveCfg = Release|Any CPU
		{06F10286-49F4-4653-8203-E19FCD02E9C3}.Release|Any CPU.Build.0 = Release|Any CPU
		{57947E1D-C520-4D93-908A-562BD9D738A6}.Debug|Any CPU.ActiveCfg = Debug|Any CPU
		{57947E1D-C520-4D93-908A-562BD9D738A6}.Debug|Any CPU.Build.0 = Debug|Any CPU
		{57947E1D-C520-4D93-908A-562BD9D738A6}.Release|Any CPU.ActiveCfg = Release|Any CPU
		{57947E1D-C520-4D93-908A-562BD9D738A6}.Release|Any CPU.Build.0 = Release|Any CPU
		{58ECBDD6-0B22-4186-99AE-855E6E42AB55}.Debug|Any CPU.ActiveCfg = Debug|Any CPU
		{58ECBDD6-0B22-4186-99AE-855E6E42AB55}.Debug|Any CPU.Build.0 = Debug|Any CPU
		{58ECBDD6-0B22-4186-99AE-855E6E42AB55}.Release|Any CPU.ActiveCfg = Release|Any CPU
		{58ECBDD6-0B22-4186-99AE-855E6E42AB55}.Release|Any CPU.Build.0 = Release|Any CPU
		{9E3D02CD-5E8C-4769-9EA3-389E43484581}.Debug|Any CPU.ActiveCfg = Debug|Any CPU
		{9E3D02CD-5E8C-4769-9EA3-389E43484581}.Debug|Any CPU.Build.0 = Debug|Any CPU
		{9E3D02CD-5E8C-4769-9EA3-389E43484581}.Release|Any CPU.ActiveCfg = Release|Any CPU
		{9E3D02CD-5E8C-4769-9EA3-389E43484581}.Release|Any CPU.Build.0 = Release|Any CPU
		{3FD188A2-E9F7-4616-8958-681D5855D0EA}.Debug|Any CPU.ActiveCfg = Debug|Any CPU
		{3FD188A2-E9F7-4616-8958-681D5855D0EA}.Debug|Any CPU.Build.0 = Debug|Any CPU
		{3FD188A2-E9F7-4616-8958-681D5855D0EA}.Release|Any CPU.ActiveCfg = Release|Any CPU
		{3FD188A2-E9F7-4616-8958-681D5855D0EA}.Release|Any CPU.Build.0 = Release|Any CPU
		{9E12FA36-7DC9-4BB7-9416-8D193A894FC1}.Debug|Any CPU.ActiveCfg = Debug|Any CPU
		{9E12FA36-7DC9-4BB7-9416-8D193A894FC1}.Debug|Any CPU.Build.0 = Debug|Any CPU
		{9E12FA36-7DC9-4BB7-9416-8D193A894FC1}.Release|Any CPU.ActiveCfg = Release|Any CPU
		{9E12FA36-7DC9-4BB7-9416-8D193A894FC1}.Release|Any CPU.Build.0 = Release|Any CPU
		{A04B8E28-CD2F-42ED-AD02-B0F348FB0917}.Debug|Any CPU.ActiveCfg = Debug|Any CPU
		{A04B8E28-CD2F-42ED-AD02-B0F348FB0917}.Debug|Any CPU.Build.0 = Debug|Any CPU
		{A04B8E28-CD2F-42ED-AD02-B0F348FB0917}.Release|Any CPU.ActiveCfg = Release|Any CPU
		{A04B8E28-CD2F-42ED-AD02-B0F348FB0917}.Release|Any CPU.Build.0 = Release|Any CPU
		{A66F4223-B439-423E-9900-75221C2D1B0E}.Debug|Any CPU.ActiveCfg = Debug|Any CPU
		{A66F4223-B439-423E-9900-75221C2D1B0E}.Debug|Any CPU.Build.0 = Debug|Any CPU
		{A66F4223-B439-423E-9900-75221C2D1B0E}.Release|Any CPU.ActiveCfg = Release|Any CPU
		{A66F4223-B439-423E-9900-75221C2D1B0E}.Release|Any CPU.Build.0 = Release|Any CPU
		{3AEF492B-8CF6-4AE9-A44C-F31CEE83C660}.Debug|Any CPU.ActiveCfg = Debug|Any CPU
		{3AEF492B-8CF6-4AE9-A44C-F31CEE83C660}.Debug|Any CPU.Build.0 = Debug|Any CPU
		{3AEF492B-8CF6-4AE9-A44C-F31CEE83C660}.Release|Any CPU.ActiveCfg = Release|Any CPU
		{3AEF492B-8CF6-4AE9-A44C-F31CEE83C660}.Release|Any CPU.Build.0 = Release|Any CPU
		{27F65FB7-4A2E-4CBF-80D0-0A26314A2DC4}.Debug|Any CPU.ActiveCfg = Debug|Any CPU
		{27F65FB7-4A2E-4CBF-80D0-0A26314A2DC4}.Debug|Any CPU.Build.0 = Debug|Any CPU
		{27F65FB7-4A2E-4CBF-80D0-0A26314A2DC4}.Release|Any CPU.ActiveCfg = Release|Any CPU
		{27F65FB7-4A2E-4CBF-80D0-0A26314A2DC4}.Release|Any CPU.Build.0 = Release|Any CPU
		{40C489F3-173C-440A-A29C-3D938C0188BC}.Debug|Any CPU.ActiveCfg = Debug|Any CPU
		{40C489F3-173C-440A-A29C-3D938C0188BC}.Debug|Any CPU.Build.0 = Debug|Any CPU
		{40C489F3-173C-440A-A29C-3D938C0188BC}.Release|Any CPU.ActiveCfg = Release|Any CPU
		{40C489F3-173C-440A-A29C-3D938C0188BC}.Release|Any CPU.Build.0 = Release|Any CPU
		{A0BEBDC0-172F-468F-9024-387A22D89FA6}.Debug|Any CPU.ActiveCfg = Debug|Any CPU
		{A0BEBDC0-172F-468F-9024-387A22D89FA6}.Debug|Any CPU.Build.0 = Debug|Any CPU
		{A0BEBDC0-172F-468F-9024-387A22D89FA6}.Release|Any CPU.ActiveCfg = Release|Any CPU
		{A0BEBDC0-172F-468F-9024-387A22D89FA6}.Release|Any CPU.Build.0 = Release|Any CPU
		{A18A6A2A-3CED-42BE-A5F9-B53CCBCA9B22}.Debug|Any CPU.ActiveCfg = Debug|Any CPU
		{A18A6A2A-3CED-42BE-A5F9-B53CCBCA9B22}.Debug|Any CPU.Build.0 = Debug|Any CPU
		{A18A6A2A-3CED-42BE-A5F9-B53CCBCA9B22}.Release|Any CPU.ActiveCfg = Release|Any CPU
		{A18A6A2A-3CED-42BE-A5F9-B53CCBCA9B22}.Release|Any CPU.Build.0 = Release|Any CPU
		{DA491004-44DE-4A7C-B892-92C2EE353310}.Debug|Any CPU.ActiveCfg = Debug|Any CPU
		{DA491004-44DE-4A7C-B892-92C2EE353310}.Debug|Any CPU.Build.0 = Debug|Any CPU
		{DA491004-44DE-4A7C-B892-92C2EE353310}.Release|Any CPU.ActiveCfg = Release|Any CPU
		{DA491004-44DE-4A7C-B892-92C2EE353310}.Release|Any CPU.Build.0 = Release|Any CPU
		{5A18095B-FE02-482E-B74B-0DDE41EC0709}.Debug|Any CPU.ActiveCfg = Debug|Any CPU
		{5A18095B-FE02-482E-B74B-0DDE41EC0709}.Debug|Any CPU.Build.0 = Debug|Any CPU
		{5A18095B-FE02-482E-B74B-0DDE41EC0709}.Release|Any CPU.ActiveCfg = Release|Any CPU
		{5A18095B-FE02-482E-B74B-0DDE41EC0709}.Release|Any CPU.Build.0 = Release|Any CPU
		{876BBF8C-5250-4258-AEBB-89B29F84BCF4}.Debug|Any CPU.ActiveCfg = Debug|Any CPU
		{876BBF8C-5250-4258-AEBB-89B29F84BCF4}.Debug|Any CPU.Build.0 = Debug|Any CPU
		{876BBF8C-5250-4258-AEBB-89B29F84BCF4}.Release|Any CPU.ActiveCfg = Release|Any CPU
		{876BBF8C-5250-4258-AEBB-89B29F84BCF4}.Release|Any CPU.Build.0 = Release|Any CPU
		{5BFC8955-62D2-47A4-8CB8-306440EFFD21}.Debug|Any CPU.ActiveCfg = Debug|Any CPU
		{5BFC8955-62D2-47A4-8CB8-306440EFFD21}.Debug|Any CPU.Build.0 = Debug|Any CPU
		{5BFC8955-62D2-47A4-8CB8-306440EFFD21}.Release|Any CPU.ActiveCfg = Release|Any CPU
		{5BFC8955-62D2-47A4-8CB8-306440EFFD21}.Release|Any CPU.Build.0 = Release|Any CPU
	EndGlobalSection
	GlobalSection(SolutionProperties) = preSolution
		HideSolutionNode = FALSE
	EndGlobalSection
	GlobalSection(NestedProjects) = preSolution
		{06F10286-49F4-4653-8203-E19FCD02E9C3} = {E01F59D7-CCE5-4CCC-95AC-9958D8116370}
		{57947E1D-C520-4D93-908A-562BD9D738A6} = {952F3DC1-BA30-460F-BD91-FEAD3D5CEBE3}
		{58ECBDD6-0B22-4186-99AE-855E6E42AB55} = {C98801B1-F58E-4B9C-8D56-D0B965E4D315}
		{9E3D02CD-5E8C-4769-9EA3-389E43484581} = {C98801B1-F58E-4B9C-8D56-D0B965E4D315}
		{3FD188A2-E9F7-4616-8958-681D5855D0EA} = {6190EC0A-387E-4E2A-AC4B-CEEBB14C57D5}
		{9E12FA36-7DC9-4BB7-9416-8D193A894FC1} = {ED2CEA11-A925-4553-874D-403FCCC66118}
		{A04B8E28-CD2F-42ED-AD02-B0F348FB0917} = {E01F59D7-CCE5-4CCC-95AC-9958D8116370}
		{A66F4223-B439-423E-9900-75221C2D1B0E} = {E01F59D7-CCE5-4CCC-95AC-9958D8116370}
		{3AEF492B-8CF6-4AE9-A44C-F31CEE83C660} = {E01F59D7-CCE5-4CCC-95AC-9958D8116370}
		{27F65FB7-4A2E-4CBF-80D0-0A26314A2DC4} = {84038ED7-C8B4-4F47-B76D-A956900E2ECA}
		{40C489F3-173C-440A-A29C-3D938C0188BC} = {C98801B1-F58E-4B9C-8D56-D0B965E4D315}
		{A0BEBDC0-172F-468F-9024-387A22D89FA6} = {C98801B1-F58E-4B9C-8D56-D0B965E4D315}
		{A18A6A2A-3CED-42BE-A5F9-B53CCBCA9B22} = {ED2CEA11-A925-4553-874D-403FCCC66118}
		{DA491004-44DE-4A7C-B892-92C2EE353310} = {ED2CEA11-A925-4553-874D-403FCCC66118}
		{5A18095B-FE02-482E-B74B-0DDE41EC0709} = {C98801B1-F58E-4B9C-8D56-D0B965E4D315}
		{876BBF8C-5250-4258-AEBB-89B29F84BCF4} = {9D26160F-180B-4EE0-A8BC-0B8F9CDFDED2}
		{5BFC8955-62D2-47A4-8CB8-306440EFFD21} = {E01F59D7-CCE5-4CCC-95AC-9958D8116370}
	EndGlobalSection
	GlobalSection(ExtensibilityGlobals) = postSolution
		SolutionGuid = {6210F85B-4995-49AF-A516-56507EE9E1A9}
	EndGlobalSection
EndGlobal
